# THIS IS AN AUTOGENERATED FILE. DO NOT EDIT THIS FILE DIRECTLY.
# yarn lockfile v1


fontawesome-free@^1.0.4:
  version "1.0.4"
  resolved "https://registry.yarnpkg.com/fontawesome-free/-/fontawesome-free-1.0.4.tgz#c7c499708dabd59eb5dedf232b590a862e05957b"
  integrity sha512-7sX6Lbg2oQiClFFFFitJlKg20h3YTBON6rdmq3uGjNwDo8G6EjF2bfj2OjjcCUmf4OvZCgyHaXfW2JseqissLw==
